
Microsoft Visual Studio Solution File, Format Version 12.00
# Visual Studio Version 17
VisualStudioVersion = 17.6.33723.286
MinimumVisualStudioVersion = 10.0.40219.1
Project("{00D1A9C2-B5F0-4AF3-8072-F6C62B433612}") = "NoticeApp.SqlServer", "NoticeApp.SqlServer\NoticeApp.SqlServer.sqlproj", "{758D19C6-5E94-496D-AA24-33A3499DBB6E}"
EndProject
Project("{2150E333-8FDC-42A3-9474-1A3956D46DE8}") = "Notes", "Notes", "{28284295-6DC3-4298-95B5-7304CEF75356}"
	ProjectSection(SolutionItems) = preProject
		NoticeApp.txt = NoticeApp.txt
	EndProjectSection
EndProject
Project("{9A19103F-16F7-4668-BE54-9A1E7A4F7556}") = "NoticeApp.Models", "NoticeApp.Models\NoticeApp.Models.csproj", "{E946BC2D-0650-4811-B18B-50CA0169599A}"
EndProject
Project("{9A19103F-16F7-4668-BE54-9A1E7A4F7556}") = "NoticeApp.Models.Tests", "NoticeApp.Models.Tests\NoticeApp.Models.Tests.csproj", "{53916302-5913-4333-AC42-1BDAC3F61EE9}"
EndProject
Project("{2150E333-8FDC-42A3-9474-1A3956D46DE8}") = "WebApi", "WebApi", "{E7BCE0DC-0653-4A6D-81FB-60DE1B5E87BF}"
EndProject
Project("{2150E333-8FDC-42A3-9474-1A3956D46DE8}") = "WebApp", "WebApp", "{9AFD9A05-EC3F-49DB-A537-2D15379D520D}"
EndProject
Project("{9A19103F-16F7-4668-BE54-9A1E7A4F7556}") = "NoticeApp.Apis", "NoticeApp.Apis\NoticeApp.Apis.csproj", "{BA3D53B6-E085-4220-BD24-7317C10ED379}"
EndProject
Project("{9A19103F-16F7-4668-BE54-9A1E7A4F7556}") = "NoticeApp", "NoticeApp\NoticeApp.csproj", "{EF615738-4A10-4F97-A8D5-87C68682913B}"
EndProject
Global
	GlobalSection(SolutionConfigurationPlatforms) = preSolution
		Debug|Any CPU = Debug|Any CPU
		Release|Any CPU = Release|Any CPU
	EndGlobalSection
	GlobalSection(ProjectConfigurationPlatforms) = postSolution
		{758D19C6-5E94-496D-AA24-33A3499DBB6E}.Debug|Any CPU.ActiveCfg = Debug|Any CPU
		{758D19C6-5E94-496D-AA24-33A3499DBB6E}.Debug|Any CPU.Build.0 = Debug|Any CPU
		{758D19C6-5E94-496D-AA24-33A3499DBB6E}.Debug|Any CPU.Deploy.0 = Debug|Any CPU
		{758D19C6-5E94-496D-AA24-33A3499DBB6E}.Release|Any CPU.ActiveCfg = Release|Any CPU
		{758D19C6-5E94-496D-AA24-33A3499DBB6E}.Release|Any CPU.Build.0 = Release|Any CPU
		{758D19C6-5E94-496D-AA24-33A3499DBB6E}.Release|Any CPU.Deploy.0 = Release|Any CPU
		{E946BC2D-0650-4811-B18B-50CA0169599A}.Debug|Any CPU.ActiveCfg = Debug|Any CPU
		{E946BC2D-0650-4811-B18B-50CA0169599A}.Debug|Any CPU.Build.0 = Debug|Any CPU
		{E946BC2D-0650-4811-B18B-50CA0169599A}.Release|Any CPU.ActiveCfg = Release|Any CPU
		{E946BC2D-0650-4811-B18B-50CA0169599A}.Release|Any CPU.Build.0 = Release|Any CPU
		{53916302-5913-4333-AC42-1BDAC3F61EE9}.Debug|Any CPU.ActiveCfg = Debug|Any CPU
		{53916302-5913-4333-AC42-1BDAC3F61EE9}.Debug|Any CPU.Build.0 = Debug|Any CPU
		{53916302-5913-4333-AC42-1BDAC3F61EE9}.Release|Any CPU.ActiveCfg = Release|Any CPU
		{53916302-5913-4333-AC42-1BDAC3F61EE9}.Release|Any CPU.Build.0 = Release|Any CPU
		{BA3D53B6-E085-4220-BD24-7317C10ED379}.Debug|Any CPU.ActiveCfg = Debug|Any CPU
		{BA3D53B6-E085-4220-BD24-7317C10ED379}.Debug|Any CPU.Build.0 = Debug|Any CPU
		{BA3D53B6-E085-4220-BD24-7317C10ED379}.Release|Any CPU.ActiveCfg = Release|Any CPU
		{BA3D53B6-E085-4220-BD24-7317C10ED379}.Release|Any CPU.Build.0 = Release|Any CPU
		{EF615738-4A10-4F97-A8D5-87C68682913B}.Debug|Any CPU.ActiveCfg = Debug|Any CPU
		{EF615738-4A10-4F97-A8D5-87C68682913B}.Debug|Any CPU.Build.0 = Debug|Any CPU
		{EF615738-4A10-4F97-A8D5-87C68682913B}.Release|Any CPU.ActiveCfg = Release|Any CPU
		{EF615738-4A10-4F97-A8D5-87C68682913B}.Release|Any CPU.Build.0 = Release|Any CPU
	EndGlobalSection
	GlobalSection(SolutionProperties) = preSolution
		HideSolutionNode = FALSE
	EndGlobalSection
	GlobalSection(NestedProjects) = preSolution
		{BA3D53B6-E085-4220-BD24-7317C10ED379} = {E7BCE0DC-0653-4A6D-81FB-60DE1B5E87BF}
		{EF615738-4A10-4F97-A8D5-87C68682913B} = {9AFD9A05-EC3F-49DB-A537-2D15379D520D}
	EndGlobalSection
	GlobalSection(ExtensibilityGlobals) = postSolution
		SolutionGuid = {5913FC3C-780B-4921-8909-44B17006ACC4}
	EndGlobalSection
EndGlobal
